Microsoft Visual Studio Solution File, Format Version 12.00
# Visual Studio Version 16
VisualStudioVersion = 16.0.0.0
MinimumVisualStudioVersion = 16.0.0.0
Project("{9A19103F-16F7-4668-BE54-9A1E7A4F7556}") = "ProtobufBlazor.Server", "Server\ProtobufBlazor.Server.csproj", "{91637A25-2E69-462C-A4A3-170D57F088AD}"
EndProject
Project("{9A19103F-16F7-4668-BE54-9A1E7A4F7556}") = "ProtobufBlazor.Client", "Client\ProtobufBlazor.Client.csproj", "{89FB81E2-773B-4D79-9BF7-57E54CEA74DD}"
EndProject
Project("{9A19103F-16F7-4668-BE54-9A1E7A4F7556}") = "ProtobufBlazor.Shared", "Shared\ProtobufBlazor.Shared.csproj", "{668A7CAB-2A77-4727-A07F-F2246B734A6B}"
EndProject
Global
	GlobalSection(SolutionConfigurationPlatforms) = preSolution
		Debug|Any CPU = Debug|Any CPU
		Debug|x64 = Debug|x64
		Debug|x86 = Debug|x86
		Release|Any CPU = Release|Any CPU
		Release|x64 = Release|x64
		Release|x86 = Release|x86
	EndGlobalSection
	GlobalSection(ProjectConfigurationPlatforms) = postSolution
		{89FB81E2-773B-4D79-9BF7-57E54CEA74DD}.Debug|Any CPU.ActiveCfg = Debug|Any CPU
		{89FB81E2-773B-4D79-9BF7-57E54CEA74DD}.Debug|Any CPU.Build.0 = Debug|Any CPU
		{89FB81E2-773B-4D79-9BF7-57E54CEA74DD}.Debug|x64.ActiveCfg = Debug|Any CPU
		{89FB81E2-773B-4D79-9BF7-57E54CEA74DD}.Debug|x64.Build.0 = Debug|Any CPU
		{89FB81E2-773B-4D79-9BF7-57E54CEA74DD}.Debug|x86.ActiveCfg = Debug|Any CPU
		{89FB81E2-773B-4D79-9BF7-57E54CEA74DD}.Debug|x86.Build.0 = Debug|Any CPU
		{89FB81E2-773B-4D79-9BF7-57E54CEA74DD}.Release|Any CPU.ActiveCfg = Release|Any CPU
		{89FB81E2-773B-4D79-9BF7-57E54CEA74DD}.Release|Any CPU.Build.0 = Release|Any CPU
		{89FB81E2-773B-4D79-9BF7-57E54CEA74DD}.Release|x64.ActiveCfg = Release|Any CPU
		{89FB81E2-773B-4D79-9BF7-57E54CEA74DD}.Release|x64.Build.0 = Release|Any CPU
		{89FB81E2-773B-4D79-9BF7-57E54CEA74DD}.Release|x86.ActiveCfg = Release|Any CPU
		{89FB81E2-773B-4D79-9BF7-57E54CEA74DD}.Release|x86.Build.0 = Release|Any CPU
		{91637A25-2E69-462C-A4A3-170D57F088AD}.Debug|Any CPU.ActiveCfg = Debug|Any CPU
		{91637A25-2E69-462C-A4A3-170D57F088AD}.Debug|Any CPU.Build.0 = Debug|Any CPU
		{91637A25-2E69-462C-A4A3-170D57F088AD}.Debug|x64.ActiveCfg = Debug|Any CPU
		{91637A25-2E69-462C-A4A3-170D57F088AD}.Debug|x64.Build.0 = Debug|Any CPU
		{91637A25-2E69-462C-A4A3-170D57F088AD}.Debug|x86.ActiveCfg = Debug|Any CPU
		{91637A25-2E69-462C-A4A3-170D57F088AD}.Debug|x86.Build.0 = Debug|Any CPU
		{91637A25-2E69-462C-A4A3-170D57F088AD}.Release|Any CPU.ActiveCfg = Release|Any CPU
		{91637A25-2E69-462C-A4A3-170D57F088AD}.Release|Any CPU.Build.0 = Release|Any CPU
		{91637A25-2E69-462C-A4A3-170D57F088AD}.Release|x64.ActiveCfg = Release|Any CPU
		{91637A25-2E69-462C-A4A3-170D57F088AD}.Release|x64.Build.0 = Release|Any CPU
		{91637A25-2E69-462C-A4A3-170D57F088AD}.Release|x86.ActiveCfg = Release|Any CPU
		{91637A25-2E69-462C-A4A3-170D57F088AD}.Release|x86.Build.0 = Release|Any CPU
		{668A7CAB-2A77-4727-A07F-F2246B734A6B}.Debug|Any CPU.ActiveCfg = Debug|Any CPU
		{668A7CAB-2A77-4727-A07F-F2246B734A6B}.Debug|Any CPU.Build.0 = Debug|Any CPU
		{668A7CAB-2A77-4727-A07F-F2246B734A6B}.Debug|x64.ActiveCfg = Debug|Any CPU
		{668A7CAB-2A77-4727-A07F-F2246B734A6B}.Debug|x64.Build.0 = Debug|Any CPU
		{668A7CAB-2A77-4727-A07F-F2246B734A6B}.Debug|x86.ActiveCfg = Debug|Any CPU
		{668A7CAB-2A77-4727-A07F-F2246B734A6B}.Debug|x86.Build.0 = Debug|Any CPU
		{668A7CAB-2A77-4727-A07F-F2246B734A6B}.Release|Any CPU.ActiveCfg = Release|Any CPU
		{668A7CAB-2A77-4727-A07F-F2246B734A6B}.Release|Any CPU.Build.0 = Release|Any CPU
		{668A7CAB-2A77-4727-A07F-F2246B734A6B}.Release|x64.ActiveCfg = Release|Any CPU
		{668A7CAB-2A77-4727-A07F-F2246B734A6B}.Release|x64.Build.0 = Release|Any CPU
		{668A7CAB-2A77-4727-A07F-F2246B734A6B}.Release|x86.ActiveCfg = Release|Any CPU
		{668A7CAB-2A77-4727-A07F-F2246B734A6B}.Release|x86.Build.0 = Release|Any CPU
	EndGlobalSection
	GlobalSection(SolutionProperties) = preSolution
		HideSolutionNode = FALSE
	EndGlobalSection
	GlobalSection(ExtensibilityGlobals) = postSolution
		SolutionGuid = {79586299-98E0-4276-9DDD-67B8AA4CB2DE}
	EndGlobalSection
EndGlobal